Microsoft Visual Studio Solution File, Format Version 12.00
# Visual Studio Version 17
VisualStudioVersion = 17.5.2.0
MinimumVisualStudioVersion = 10.0.40219.1
Project("{FAE04EC0-301F-11D3-BF4B-00C04F79EFBC}") = "BoardingHouseApp", "BoardingHouseApp.csproj", "{6CCB1CF3-5744-97B1-7962-2AA1CA6361F2}"
EndProject
Global
	GlobalSection(SolutionConfigurationPlatforms) = preSolution
		Debug|Any CPU = Debug|Any CPU
		Release|Any CPU = Release|Any CPU
	EndGlobalSection
	GlobalSection(ProjectConfigurationPlatforms) = postSolution
		{6CCB1CF3-5744-97B1-7962-2AA1CA6361F2}.Debug|Any CPU.ActiveCfg = Debug|Any CPU
		{6CCB1CF3-5744-97B1-7962-2AA1CA6361F2}.Debug|Any CPU.Build.0 = Debug|Any CPU
		{6CCB1CF3-5744-97B1-7962-2AA1CA6361F2}.Release|Any CPU.ActiveCfg = Release|Any CPU
		{6CCB1CF3-5744-97B1-7962-2AA1CA6361F2}.Release|Any CPU.Build.0 = Release|Any CPU
	EndGlobalSection
	GlobalSection(SolutionProperties) = preSolution
		HideSolutionNode = FALSE
	EndGlobalSection
	GlobalSection(ExtensibilityGlobals) = postSolution
		SolutionGuid = {9AD9AEA9-EA3F-4C95-9C53-E36EE0E97ED1}
	EndGlobalSection
EndGlobal
