Microsoft Visual Studio Solution File, Format Version 12.00
# Visual Studio Version 17
VisualStudioVersion = 17.5.2.0
MinimumVisualStudioVersion = 10.0.40219.1
Project("{FAE04EC0-301F-11D3-BF4B-00C04F79EFBC}") = "IndividualAndCompanyTaxes", "IndividualAndCompanyTaxes.csproj", "{CEE96CA2-B743-E3F6-65DA-2975ED69CB32}"
EndProject
Global
	GlobalSection(SolutionConfigurationPlatforms) = preSolution
		Debug|Any CPU = Debug|Any CPU
		Release|Any CPU = Release|Any CPU
	EndGlobalSection
	GlobalSection(ProjectConfigurationPlatforms) = postSolution
		{CEE96CA2-B743-E3F6-65DA-2975ED69CB32}.Debug|Any CPU.ActiveCfg = Debug|Any CPU
		{CEE96CA2-B743-E3F6-65DA-2975ED69CB32}.Debug|Any CPU.Build.0 = Debug|Any CPU
		{CEE96CA2-B743-E3F6-65DA-2975ED69CB32}.Release|Any CPU.ActiveCfg = Release|Any CPU
		{CEE96CA2-B743-E3F6-65DA-2975ED69CB32}.Release|Any CPU.Build.0 = Release|Any CPU
	EndGlobalSection
	GlobalSection(SolutionProperties) = preSolution
		HideSolutionNode = FALSE
	EndGlobalSection
	GlobalSection(ExtensibilityGlobals) = postSolution
		SolutionGuid = {291494A8-6776-4EC1-A07F-FDBA04CCA1E5}
	EndGlobalSection
EndGlobal
