Microsoft Visual Studio Solution File, Format Version 12.00
# Visual Studio Version 17
VisualStudioVersion = 17.5.2.0
MinimumVisualStudioVersion = 10.0.40219.1
Project("{FAE04EC0-301F-11D3-BF4B-00C04F79EFBC}") = "WorkerIncomeCalculator", "WorkerIncomeCalculator.csproj", "{EAD4DC31-D0C0-294E-9E82-7F37AD67C271}"
EndProject
Global
	GlobalSection(SolutionConfigurationPlatforms) = preSolution
		Debug|Any CPU = Debug|Any CPU
		Release|Any CPU = Release|Any CPU
	EndGlobalSection
	GlobalSection(ProjectConfigurationPlatforms) = postSolution
		{EAD4DC31-D0C0-294E-9E82-7F37AD67C271}.Debug|Any CPU.ActiveCfg = Debug|Any CPU
		{EAD4DC31-D0C0-294E-9E82-7F37AD67C271}.Debug|Any CPU.Build.0 = Debug|Any CPU
		{EAD4DC31-D0C0-294E-9E82-7F37AD67C271}.Release|Any CPU.ActiveCfg = Release|Any CPU
		{EAD4DC31-D0C0-294E-9E82-7F37AD67C271}.Release|Any CPU.Build.0 = Release|Any CPU
	EndGlobalSection
	GlobalSection(SolutionProperties) = preSolution
		HideSolutionNode = FALSE
	EndGlobalSection
	GlobalSection(ExtensibilityGlobals) = postSolution
		SolutionGuid = {D5E25CA4-3E02-4D8D-9FF5-CD5844A47330}
	EndGlobalSection
EndGlobal
